// !$*UTF8*$!
{
	archiveVersion = 1;
	classes = {
	};
	objectVersion = 56;
	objects = {

/* Begin PBXBuildFile section */
		281F93332901A6EB0080CDB0 /* Travel October.ttf in Resources */ = {isa = PBXBuildFile; fileRef = 281F93322901A6EB0080CDB0 /* Travel October.ttf */; };
		281F93352901BE150080CDB0 /* youtubedata.swift in Sources */ = {isa = PBXBuildFile; fileRef = 281F93342901BE150080CDB0 /* youtubedata.swift */; };
		281F933A2901C91C0080CDB0 /* youtubeview.swift in Sources */ = {isa = PBXBuildFile; fileRef = 281F93392901C91C0080CDB0 /* youtubeview.swift */; };
		283435C42902A79600A7F753 /* SummerBreak.otf in Resources */ = {isa = PBXBuildFile; fileRef = 283435C32902A79600A7F753 /* SummerBreak.otf */; };
		283435C62902A7F200A7F753 /* Imagine Serif Stamp Rough.otf in Resources */ = {isa = PBXBuildFile; fileRef = 283435C52902A7F200A7F753 /* Imagine Serif Stamp Rough.otf */; };
		283435C82902AA1C00A7F753 /* characterdata.swift in Sources */ = {isa = PBXBuildFile; fileRef = 283435C72902AA1C00A7F753 /* characterdata.swift */; };
		283435CB2902AA5100A7F753 /* introductiondata.swift in Sources */ = {isa = PBXBuildFile; fileRef = 283435CA2902AA5100A7F753 /* introductiondata.swift */; };
		283435D42902ADD900A7F753 /* allycharacter.swift in Sources */ = {isa = PBXBuildFile; fileRef = 283435D32902ADD900A7F753 /* allycharacter.swift */; };
		283435D62902EE0000A7F753 /* allyAversion.swift in Sources */ = {isa = PBXBuildFile; fileRef = 283435D52902EE0000A7F753 /* allyAversion.swift */; };
		283435D82902EE1100A7F753 /* allyLversion.swift in Sources */ = {isa = PBXBuildFile; fileRef = 283435D72902EE1100A7F753 /* allyLversion.swift */; };
		283435DA2902EEB000A7F753 /* youtubeview2.swift in Sources */ = {isa = PBXBuildFile; fileRef = 283435D92902EEAF00A7F753 /* youtubeview2.swift */; };
		283435DC290302FF00A7F753 /* elsacharacter.swift in Sources */ = {isa = PBXBuildFile; fileRef = 283435DB290302FF00A7F753 /* elsacharacter.swift */; };
		283435DE2903100A00A7F753 /* Bellemovie.swift in Sources */ = {isa = PBXBuildFile; fileRef = 283435DD2903100A00A7F753 /* Bellemovie.swift */; };
		283435E1290310B700A7F753 /* Bellemovie2.swift in Sources */ = {isa = PBXBuildFile; fileRef = 283435E0290310B700A7F753 /* Bellemovie2.swift */; };
		283435E3290312C600A7F753 /* Bintroduction.swift in Sources */ = {isa = PBXBuildFile; fileRef = 283435E2290312C600A7F753 /* Bintroduction.swift */; };
		283435E5290312F500A7F753 /* Bcharacter.swift in Sources */ = {isa = PBXBuildFile; fileRef = 283435E4290312F500A7F753 /* Bcharacter.swift */; };
		283435E72903131900A7F753 /* BAversion.swift in Sources */ = {isa = PBXBuildFile; fileRef = 283435E62903131900A7F753 /* BAversion.swift */; };
		283435E92903132D00A7F753 /* BLversion.swift in Sources */ = {isa = PBXBuildFile; fileRef = 283435E82903132D00A7F753 /* BLversion.swift */; };
		283435EB2903134800A7F753 /* Bintroductionlist.swift in Sources */ = {isa = PBXBuildFile; fileRef = 283435EA2903134800A7F753 /* Bintroductionlist.swift */; };
		283435ED2903136400A7F753 /* Bcharacterlist.swift in Sources */ = {isa = PBXBuildFile; fileRef = 283435EC2903136400A7F753 /* Bcharacterlist.swift */; };
		283435EF2903137300A7F753 /* BAversionlist.swift in Sources */ = {isa = PBXBuildFile; fileRef = 283435EE2903137300A7F753 /* BAversionlist.swift */; };
		283435F12903138000A7F753 /* BLversionlist.swift in Sources */ = {isa = PBXBuildFile; fileRef = 283435F02903138000A7F753 /* BLversionlist.swift */; };
		286DC01E28FFE16C00D61E1B /* movielist.swift in Sources */ = {isa = PBXBuildFile; fileRef = 286DC01D28FFE16C00D61E1B /* movielist.swift */; };
		286DC02028FFE33E00D61E1B /* movierow.swift in Sources */ = {isa = PBXBuildFile; fileRef = 286DC01F28FFE33E00D61E1B /* movierow.swift */; };
		286DC02728FFE47300D61E1B /* moviedata.swift in Sources */ = {isa = PBXBuildFile; fileRef = 286DC02628FFE47300D61E1B /* moviedata.swift */; };
		286DC029290007C900D61E1B /* DisneyIntro.mp3 in Resources */ = {isa = PBXBuildFile; fileRef = 286DC028290007C900D61E1B /* DisneyIntro.mp3 */; };
		286DC02B29000BDB00D61E1B /* National Cartoon.ttf in Resources */ = {isa = PBXBuildFile; fileRef = 286DC02A29000BDB00D61E1B /* National Cartoon.ttf */; };
		286DC02E290012BF00D61E1B /* Cutest Round.otf in Resources */ = {isa = PBXBuildFile; fileRef = 286DC02D290012BF00D61E1B /* Cutest Round.otf */; };
		286DC030290015BA00D61E1B /* Fairy Godmother DEMO.otf in Resources */ = {isa = PBXBuildFile; fileRef = 286DC02F290015BA00D61E1B /* Fairy Godmother DEMO.otf */; };
		286DC0382900183000D61E1B /* Monster AG.ttf in Resources */ = {isa = PBXBuildFile; fileRef = 286DC0372900183000D61E1B /* Monster AG.ttf */; };
		286DC04429001B4D00D61E1B /* A Bug s Life.ttf in Resources */ = {isa = PBXBuildFile; fileRef = 286DC04329001B4D00D61E1B /* A Bug s Life.ttf */; };
		286DC04D2900200500D61E1B /* movie2row.swift in Sources */ = {isa = PBXBuildFile; fileRef = 286DC04C2900200500D61E1B /* movie2row.swift */; };
		286DC04F290020ED00D61E1B /* movie2data.swift in Sources */ = {isa = PBXBuildFile; fileRef = 286DC04E290020ED00D61E1B /* movie2data.swift */; };
		286DC0512900239600D61E1B /* introdution.swift in Sources */ = {isa = PBXBuildFile; fileRef = 286DC0502900239600D61E1B /* introdution.swift */; };
		286DC07B290145F600D61E1B /* character.swift in Sources */ = {isa = PBXBuildFile; fileRef = 286DC07A290145F600D61E1B /* character.swift */; };
		286DC08229014A6D00D61E1B /* introductionlist.swift in Sources */ = {isa = PBXBuildFile; fileRef = 286DC08129014A6D00D61E1B /* introductionlist.swift */; };
		286DC08429014A8900D61E1B /* characterlist.swift in Sources */ = {isa = PBXBuildFile; fileRef = 286DC08329014A8900D61E1B /* characterlist.swift */; };
		286DC08829014AAF00D61E1B /* Aversionlist.swift in Sources */ = {isa = PBXBuildFile; fileRef = 286DC08729014AAF00D61E1B /* Aversionlist.swift */; };
		286DC08A29014ABB00D61E1B /* Lversionlist.swift in Sources */ = {isa = PBXBuildFile; fileRef = 286DC08929014ABB00D61E1B /* Lversionlist.swift */; };
		286DC08F290151AE00D61E1B /* allymovie2.swift in Sources */ = {isa = PBXBuildFile; fileRef = 286DC08E290151AE00D61E1B /* allymovie2.swift */; };
		286DC0952901529B00D61E1B /* Forzenmovie2.swift in Sources */ = {isa = PBXBuildFile; fileRef = 286DC0942901529B00D61E1B /* Forzenmovie2.swift */; };
		286DC0972901537E00D61E1B /* allymovie.swift in Sources */ = {isa = PBXBuildFile; fileRef = 286DC0962901537E00D61E1B /* allymovie.swift */; };
		286DC099290153BC00D61E1B /* Forzenmovie.swift in Sources */ = {isa = PBXBuildFile; fileRef = 286DC098290153BC00D61E1B /* Forzenmovie.swift */; };
		286DC09B290155E900D61E1B /* Fintroductionlist.swift in Sources */ = {isa = PBXBuildFile; fileRef = 286DC09A290155E900D61E1B /* Fintroductionlist.swift */; };
		286DC09D2901560400D61E1B /* Fcharacterlist.swift in Sources */ = {isa = PBXBuildFile; fileRef = 286DC09C2901560400D61E1B /* Fcharacterlist.swift */; };
		286DC09F2901561A00D61E1B /* FAversion.swift in Sources */ = {isa = PBXBuildFile; fileRef = 286DC09E2901561A00D61E1B /* FAversion.swift */; };
		286DC0A12901562700D61E1B /* FLversion.swift in Sources */ = {isa = PBXBuildFile; fileRef = 286DC0A02901562700D61E1B /* FLversion.swift */; };
		286DC0A3290156AE00D61E1B /* FAversionlist.swift in Sources */ = {isa = PBXBuildFile; fileRef = 286DC0A2290156AE00D61E1B /* FAversionlist.swift */; };
		286DC0A5290156BF00D61E1B /* FLversionlist.swift in Sources */ = {isa = PBXBuildFile; fileRef = 286DC0A4290156BF00D61E1B /* FLversionlist.swift */; };
		286DC0A92901633A00D61E1B /* NewWaltDisneyUi-8YdA.ttf in Resources */ = {isa = PBXBuildFile; fileRef = 286DC0A82901633A00D61E1B /* NewWaltDisneyUi-8YdA.ttf */; };
		286DC0AB290164A900D61E1B /* Donuts Snacky Regular.ttf in Resources */ = {isa = PBXBuildFile; fileRef = 286DC0AA290164A900D61E1B /* Donuts Snacky Regular.ttf */; };
		286DC0AF29016D7A00D61E1B /* tabviwe.swift in Sources */ = {isa = PBXBuildFile; fileRef = 286DC0AE29016D7A00D61E1B /* tabviwe.swift */; };
		28B1925428FBD9AA002E6FBD /* disney_worldApp.swift in Sources */ = {isa = PBXBuildFile; fileRef = 28B1925328FBD9AA002E6FBD /* disney_worldApp.swift */; };
		28B1925628FBD9AA002E6FBD /* ContentView.swift in Sources */ = {isa = PBXBuildFile; fileRef = 28B1925528FBD9AA002E6FBD /* ContentView.swift */; };
		28B1925828FBD9AC002E6FBD /* Assets.xcassets in Resources */ = {isa = PBXBuildFile; fileRef = 28B1925728FBD9AC002E6FBD /* Assets.xcassets */; };
		28B1925B28FBD9AC002E6FBD /* Preview Assets.xcassets in Resources */ = {isa = PBXBuildFile; fileRef = 28B1925A28FBD9AC002E6FBD /* Preview Assets.xcassets */; };
		28B1926628FBE758002E6FBD /* ig_page.swift in Sources */ = {isa = PBXBuildFile; fileRef = 28B1926528FBE758002E6FBD /* ig_page.swift */; };
		28B1926A28FEA250002E6FBD /* ig_data.swift in Sources */ = {isa = PBXBuildFile; fileRef = 28B1926928FEA250002E6FBD /* ig_data.swift */; };
		28B1927228FEB882002E6FBD /* home.swift in Sources */ = {isa = PBXBuildFile; fileRef = 28B1927128FEB882002E6FBD /* home.swift */; };
		28D0286028FF290800714A3C /* linkdetail.swift in Sources */ = {isa = PBXBuildFile; fileRef = 28D0285F28FF290800714A3C /* linkdetail.swift */; };
		28F1CDE828FED56700801BC2 /* linkdata.swift in Sources */ = {isa = PBXBuildFile; fileRef = 28F1CDE728FED56700801BC2 /* linkdata.swift */; };
/* End PBXBuildFile section */

/* Begin PBXFileReference section */
		281F93322901A6EB0080CDB0 /* Travel October.ttf */ = {isa = PBXFileReference; lastKnownFileType = file; path = "Travel October.ttf"; sourceTree = "<group>"; };
		281F93342901BE150080CDB0 /* youtubedata.swift */ = {isa = PBXFileReference; lastKnownFileType = sourcecode.swift; path = youtubedata.swift; sourceTree = "<group>"; };
		281F93392901C91C0080CDB0 /* youtubeview.swift */ = {isa = PBXFileReference; lastKnownFileType = sourcecode.swift; path = youtubeview.swift; sourceTree = "<group>"; };
		283435C32902A79600A7F753 /* SummerBreak.otf */ = {isa = PBXFileReference; lastKnownFileType = file; path = SummerBreak.otf; sourceTree = "<group>"; };
		283435C52902A7F200A7F753 /* Imagine Serif Stamp Rough.otf */ = {isa = PBXFileReference; lastKnownFileType = file; path = "Imagine Serif Stamp Rough.otf"; sourceTree = "<group>"; };
		283435C72902AA1C00A7F753 /* characterdata.swift */ = {isa = PBXFileReference; lastKnownFileType = sourcecode.swift; path = characterdata.swift; sourceTree = "<group>"; };
		283435CA2902AA5100A7F753 /* introductiondata.swift */ = {isa = PBXFileReference; lastKnownFileType = sourcecode.swift; path = introductiondata.swift; sourceTree = "<group>"; };
		283435D32902ADD900A7F753 /* allycharacter.swift */ = {isa = PBXFileReference; lastKnownFileType = sourcecode.swift; path = allycharacter.swift; sourceTree = "<group>"; };
		283435D52902EE0000A7F753 /* allyAversion.swift */ = {isa = PBXFileReference; lastKnownFileType = sourcecode.swift; path = allyAversion.swift; sourceTree = "<group>"; };
		283435D72902EE1100A7F753 /* allyLversion.swift */ = {isa = PBXFileReference; lastKnownFileType = sourcecode.swift; path = allyLversion.swift; sourceTree = "<group>"; };
		283435D92902EEAF00A7F753 /* youtubeview2.swift */ = {isa = PBXFileReference; lastKnownFileType = sourcecode.swift; path = youtubeview2.swift; sourceTree = "<group>"; };
		283435DB290302FF00A7F753 /* elsacharacter.swift */ = {isa = PBXFileReference; lastKnownFileType = sourcecode.swift; path = elsacharacter.swift; sourceTree = "<group>"; };
		283435DD2903100A00A7F753 /* Bellemovie.swift */ = {isa = PBXFileReference; lastKnownFileType = sourcecode.swift; path = Bellemovie.swift; sourceTree = "<group>"; };
		283435E0290310B700A7F753 /* Bellemovie2.swift */ = {isa = PBXFileReference; lastKnownFileType = sourcecode.swift; path = Bellemovie2.swift; sourceTree = "<group>"; };
		283435E2290312C600A7F753 /* Bintroduction.swift */ = {isa = PBXFileReference; lastKnownFileType = sourcecode.swift; path = Bintroduction.swift; sourceTree = "<group>"; };
		283435E4290312F500A7F753 /* Bcharacter.swift */ = {isa = PBXFileReference; lastKnownFileType = sourcecode.swift; path = Bcharacter.swift; sourceTree = "<group>"; };
		283435E62903131900A7F753 /* BAversion.swift */ = {isa = PBXFileReference; lastKnownFileType = sourcecode.swift; path = BAversion.swift; sourceTree = "<group>"; };
		283435E82903132D00A7F753 /* BLversion.swift */ = {isa = PBXFileReference; lastKnownFileType = sourcecode.swift; path = BLversion.swift; sourceTree = "<group>"; };
		283435EA2903134800A7F753 /* Bintroductionlist.swift */ = {isa = PBXFileReference; lastKnownFileType = sourcecode.swift; path = Bintroductionlist.swift; sourceTree = "<group>"; };
		283435EC2903136400A7F753 /* Bcharacterlist.swift */ = {isa = PBXFileReference; lastKnownFileType = sourcecode.swift; path = Bcharacterlist.swift; sourceTree = "<group>"; };
		283435EE2903137300A7F753 /* BAversionlist.swift */ = {isa = PBXFileReference; lastKnownFileType = sourcecode.swift; path = BAversionlist.swift; sourceTree = "<group>"; };
		283435F02903138000A7F753 /* BLversionlist.swift */ = {isa = PBXFileReference; lastKnownFileType = sourcecode.swift; path = BLversionlist.swift; sourceTree = "<group>"; };
		286DC01C28FFDBA000D61E1B /* disney-world-Info.plist */ = {isa = PBXFileReference; lastKnownFileType = text.plist; path = "disney-world-Info.plist"; sourceTree = SOURCE_ROOT; };
		286DC01D28FFE16C00D61E1B /* movielist.swift */ = {isa = PBXFileReference; lastKnownFileType = sourcecode.swift; path = movielist.swift; sourceTree = "<group>"; };
		286DC01F28FFE33E00D61E1B /* movierow.swift */ = {isa = PBXFileReference; lastKnownFileType = sourcecode.swift; path = movierow.swift; sourceTree = "<group>"; };
		286DC02628FFE47300D61E1B /* moviedata.swift */ = {isa = PBXFileReference; lastKnownFileType = sourcecode.swift; path = moviedata.swift; sourceTree = "<group>"; };
		286DC028290007C900D61E1B /* DisneyIntro.mp3 */ = {isa = PBXFileReference; lastKnownFileType = audio.mp3; path = DisneyIntro.mp3; sourceTree = "<group>"; };
		286DC02A29000BDB00D61E1B /* National Cartoon.ttf */ = {isa = PBXFileReference; lastKnownFileType = file; path = "National Cartoon.ttf"; sourceTree = "<group>"; };
		286DC02C29000C3C00D61E1B /* disney world.entitlements */ = {isa = PBXFileReference; lastKnownFileType = text.plist.entitlements; path = "disney world.entitlements"; sourceTree = "<group>"; };
		286DC02D290012BF00D61E1B /* Cutest Round.otf */ = {isa = PBXFileReference; lastKnownFileType = file; path = "Cutest Round.otf"; sourceTree = "<group>"; };
		286DC02F290015BA00D61E1B /* Fairy Godmother DEMO.otf */ = {isa = PBXFileReference; lastKnownFileType = file; path = "Fairy Godmother DEMO.otf"; sourceTree = "<group>"; };
		286DC0372900183000D61E1B /* Monster AG.ttf */ = {isa = PBXFileReference; lastKnownFileType = file; path = "Monster AG.ttf"; sourceTree = "<group>"; };
		286DC04329001B4D00D61E1B /* A Bug s Life.ttf */ = {isa = PBXFileReference; lastKnownFileType = file; path = "A Bug s Life.ttf"; sourceTree = "<group>"; };
		286DC04C2900200500D61E1B /* movie2row.swift */ = {isa = PBXFileReference; lastKnownFileType = sourcecode.swift; path = movie2row.swift; sourceTree = "<group>"; };
		286DC04E290020ED00D61E1B /* movie2data.swift */ = {isa = PBXFileReference; lastKnownFileType = sourcecode.swift; path = movie2data.swift; sourceTree = "<group>"; };
		286DC0502900239600D61E1B /* introdution.swift */ = {isa = PBXFileReference; lastKnownFileType = sourcecode.swift; path = introdution.swift; sourceTree = "<group>"; };
		286DC07A290145F600D61E1B /* character.swift */ = {isa = PBXFileReference; lastKnownFileType = sourcecode.swift; path = character.swift; sourceTree = "<group>"; };
		286DC08129014A6D00D61E1B /* introductionlist.swift */ = {isa = PBXFileReference; lastKnownFileType = sourcecode.swift; path = introductionlist.swift; sourceTree = "<group>"; };
		286DC08329014A8900D61E1B /* characterlist.swift */ = {isa = PBXFileReference; lastKnownFileType = sourcecode.swift; path = characterlist.swift; sourceTree = "<group>"; };
		286DC08729014AAF00D61E1B /* Aversionlist.swift */ = {isa = PBXFileReference; lastKnownFileType = sourcecode.swift; path = Aversionlist.swift; sourceTree = "<group>"; };
		286DC08929014ABB00D61E1B /* Lversionlist.swift */ = {isa = PBXFileReference; lastKnownFileType = sourcecode.swift; path = Lversionlist.swift; sourceTree = "<group>"; };
		286DC08E290151AE00D61E1B /* allymovie2.swift */ = {isa = PBXFileReference; lastKnownFileType = sourcecode.swift; path = allymovie2.swift; sourceTree = "<group>"; };
		286DC0942901529B00D61E1B /* Forzenmovie2.swift */ = {isa = PBXFileReference; lastKnownFileType = sourcecode.swift; path = Forzenmovie2.swift; sourceTree = "<group>"; };
		286DC0962901537E00D61E1B /* allymovie.swift */ = {isa = PBXFileReference; lastKnownFileType = sourcecode.swift; path = allymovie.swift; sourceTree = "<group>"; };
		286DC098290153BC00D61E1B /* Forzenmovie.swift */ = {isa = PBXFileReference; lastKnownFileType = sourcecode.swift; path = Forzenmovie.swift; sourceTree = "<group>"; };
		286DC09A290155E900D61E1B /* Fintroductionlist.swift */ = {isa = PBXFileReference; lastKnownFileType = sourcecode.swift; path = Fintroductionlist.swift; sourceTree = "<group>"; };
		286DC09C2901560400D61E1B /* Fcharacterlist.swift */ = {isa = PBXFileReference; lastKnownFileType = sourcecode.swift; path = Fcharacterlist.swift; sourceTree = "<group>"; };
		286DC09E2901561A00D61E1B /* FAversion.swift */ = {isa = PBXFileReference; lastKnownFileType = sourcecode.swift; path = FAversion.swift; sourceTree = "<group>"; };
		286DC0A02901562700D61E1B /* FLversion.swift */ = {isa = PBXFileReference; lastKnownFileType = sourcecode.swift; path = FLversion.swift; sourceTree = "<group>"; };
		286DC0A2290156AE00D61E1B /* FAversionlist.swift */ = {isa = PBXFileReference; lastKnownFileType = sourcecode.swift; path = FAversionlist.swift; sourceTree = "<group>"; };
		286DC0A4290156BF00D61E1B /* FLversionlist.swift */ = {isa = PBXFileReference; lastKnownFileType = sourcecode.swift; path = FLversionlist.swift; sourceTree = "<group>"; };
		286DC0A82901633A00D61E1B /* NewWaltDisneyUi-8YdA.ttf */ = {isa = PBXFileReference; lastKnownFileType = file; path = "NewWaltDisneyUi-8YdA.ttf"; sourceTree = "<group>"; };
		286DC0AA290164A900D61E1B /* Donuts Snacky Regular.ttf */ = {isa = PBXFileReference; lastKnownFileType = file; path = "Donuts Snacky Regular.ttf"; sourceTree = "<group>"; };
		286DC0AE29016D7A00D61E1B /* tabviwe.swift */ = {isa = PBXFileReference; lastKnownFileType = sourcecode.swift; path = tabviwe.swift; sourceTree = "<group>"; };
		28B1925028FBD9AA002E6FBD /* disney world.app */ = {isa = PBXFileReference; explicitFileType = wrapper.application; includeInIndex = 0; path = "disney world.app"; sourceTree = BUILT_PRODUCTS_DIR; };
		28B1925328FBD9AA002E6FBD /* disney_worldApp.swift */ = {isa = PBXFileReference; lastKnownFileType = sourcecode.swift; path = disney_worldApp.swift; sourceTree = "<group>"; };
		28B1925528FBD9AA002E6FBD /* ContentView.swift */ = {isa = PBXFileReference; lastKnownFileType = sourcecode.swift; path = ContentView.swift; sourceTree = "<group>"; };
		28B1925728FBD9AC002E6FBD /* Assets.xcassets */ = {isa = PBXFileReference; lastKnownFileType = folder.assetcatalog; path = Assets.xcassets; sourceTree = "<group>"; };
		28B1925A28FBD9AC002E6FBD /* Preview Assets.xcassets */ = {isa = PBXFileReference; lastKnownFileType = folder.assetcatalog; path = "Preview Assets.xcassets"; sourceTree = "<group>"; };
		28B1926528FBE758002E6FBD /* ig_page.swift */ = {isa = PBXFileReference; lastKnownFileType = sourcecode.swift; path = ig_page.swift; sourceTree = "<group>"; };
		28B1926928FEA250002E6FBD /* ig_data.swift */ = {isa = PBXFileReference; lastKnownFileType = sourcecode.swift; path = ig_data.swift; sourceTree = "<group>"; };
		28B1927128FEB882002E6FBD /* home.swift */ = {isa = PBXFileReference; lastKnownFileType = sourcecode.swift; path = home.swift; sourceTree = "<group>"; };
		28D0285F28FF290800714A3C /* linkdetail.swift */ = {isa = PBXFileReference; lastKnownFileType = sourcecode.swift; path = linkdetail.swift; sourceTree = "<group>"; };
		28F1CDE728FED56700801BC2 /* linkdata.swift */ = {isa = PBXFileReference; lastKnownFileType = sourcecode.swift; path = linkdata.swift; sourceTree = "<group>"; };
/* End PBXFileReference section */

/* Begin PBXFrameworksBuildPhase section */
		28B1924D28FBD9AA002E6FBD /* Frameworks */ = {
			isa = PBXFrameworksBuildPhase;
			buildActionMask = 2147483647;
			files = (
			);
			runOnlyForDeploymentPostprocessing = 0;
		};
/* End PBXFrameworksBuildPhase section */

/* Begin PBXGroup section */
		281F93362901BE1C0080CDB0 /* youtube */ = {
			isa = PBXGroup;
			children = (
				281F93342901BE150080CDB0 /* youtubedata.swift */,
				281F93392901C91C0080CDB0 /* youtubeview.swift */,
				283435D92902EEAF00A7F753 /* youtubeview2.swift */,
			);
			path = youtube;
			sourceTree = "<group>";
		};
		283435C92902AA2800A7F753 /* character */ = {
			isa = PBXGroup;
			children = (
				286DC07A290145F600D61E1B /* character.swift */,
				283435C72902AA1C00A7F753 /* characterdata.swift */,
			);
			path = character;
			sourceTree = "<group>";
		};
		283435CC2902AA5800A7F753 /* intoduction */ = {
			isa = PBXGroup;
			children = (
				286DC0502900239600D61E1B /* introdution.swift */,
				283435CA2902AA5100A7F753 /* introductiondata.swift */,
			);
			path = intoduction;
			sourceTree = "<group>";
		};
		283435DF2903100E00A7F753 /* Belle */ = {
			isa = PBXGroup;
			children = (
				283435DD2903100A00A7F753 /* Bellemovie.swift */,
				283435E0290310B700A7F753 /* Bellemovie2.swift */,
				283435EA2903134800A7F753 /* Bintroductionlist.swift */,
				283435EC2903136400A7F753 /* Bcharacterlist.swift */,
				283435EE2903137300A7F753 /* BAversionlist.swift */,
				283435F02903138000A7F753 /* BLversionlist.swift */,
				283435E2290312C600A7F753 /* Bintroduction.swift */,
				283435E4290312F500A7F753 /* Bcharacter.swift */,
				283435E62903131900A7F753 /* BAversion.swift */,
				283435E82903132D00A7F753 /* BLversion.swift */,
			);
			path = Belle;
			sourceTree = "<group>";
		};
		286DC02328FFE3AA00D61E1B /* movie */ = {
			isa = PBXGroup;
			children = (
				286DC01D28FFE16C00D61E1B /* movielist.swift */,
				286DC01F28FFE33E00D61E1B /* movierow.swift */,
				286DC02628FFE47300D61E1B /* moviedata.swift */,
			);
			path = movie;
			sourceTree = "<group>";
		};
		286DC02428FFE3FC00D61E1B /* link */ = {
			isa = PBXGroup;
			children = (
				28F1CDE728FED56700801BC2 /* linkdata.swift */,
				28D0285F28FF290800714A3C /* linkdetail.swift */,
			);
			path = link;
			sourceTree = "<group>";
		};
		286DC02528FFE41500D61E1B /* ig */ = {
			isa = PBXGroup;
			children = (
				28B1926928FEA250002E6FBD /* ig_data.swift */,
				28B1926528FBE758002E6FBD /* ig_page.swift */,
			);
			path = ig;
			sourceTree = "<group>";
		};
		286DC04929001EA100D61E1B /* movie2 */ = {
			isa = PBXGroup;
			children = (
				286DC04C2900200500D61E1B /* movie2row.swift */,
				286DC04E290020ED00D61E1B /* movie2data.swift */,
			);
			path = movie2;
			sourceTree = "<group>";
		};
		286DC0802901462900D61E1B /* movie3 */ = {
			isa = PBXGroup;
			children = (
				283435CC2902AA5800A7F753 /* intoduction */,
				283435C92902AA2800A7F753 /* character */,
			);
			path = movie3;
			sourceTree = "<group>";
		};
		286DC08D2901518100D61E1B /* ally */ = {
			isa = PBXGroup;
			children = (
				286DC0962901537E00D61E1B /* allymovie.swift */,
				286DC08E290151AE00D61E1B /* allymovie2.swift */,
				286DC08129014A6D00D61E1B /* introductionlist.swift */,
				286DC08329014A8900D61E1B /* characterlist.swift */,
				286DC08729014AAF00D61E1B /* Aversionlist.swift */,
				286DC08929014ABB00D61E1B /* Lversionlist.swift */,
				283435D32902ADD900A7F753 /* allycharacter.swift */,
				283435D52902EE0000A7F753 /* allyAversion.swift */,
				283435D72902EE1100A7F753 /* allyLversion.swift */,
			);
			path = ally;
			sourceTree = "<group>";
		};
		286DC090290151E800D61E1B /* font */ = {
			isa = PBXGroup;
			children = (
				283435C52902A7F200A7F753 /* Imagine Serif Stamp Rough.otf */,
				283435C32902A79600A7F753 /* SummerBreak.otf */,
				286DC02A29000BDB00D61E1B /* National Cartoon.ttf */,
				286DC02F290015BA00D61E1B /* Fairy Godmother DEMO.otf */,
				281F93322901A6EB0080CDB0 /* Travel October.ttf */,
				286DC0AA290164A900D61E1B /* Donuts Snacky Regular.ttf */,
				286DC04329001B4D00D61E1B /* A Bug s Life.ttf */,
				286DC0A82901633A00D61E1B /* NewWaltDisneyUi-8YdA.ttf */,
				286DC0372900183000D61E1B /* Monster AG.ttf */,
				286DC02D290012BF00D61E1B /* Cutest Round.otf */,
			);
			path = font;
			sourceTree = "<group>";
		};
		286DC0932901526B00D61E1B /* Forzen */ = {
			isa = PBXGroup;
			children = (
				286DC098290153BC00D61E1B /* Forzenmovie.swift */,
				286DC0942901529B00D61E1B /* Forzenmovie2.swift */,
				286DC09A290155E900D61E1B /* Fintroductionlist.swift */,
				286DC09C2901560400D61E1B /* Fcharacterlist.swift */,
				286DC0A2290156AE00D61E1B /* FAversionlist.swift */,
				286DC0A4290156BF00D61E1B /* FLversionlist.swift */,
				283435DB290302FF00A7F753 /* elsacharacter.swift */,
				286DC09E2901561A00D61E1B /* FAversion.swift */,
				286DC0A02901562700D61E1B /* FLversion.swift */,
			);
			path = Forzen;
			sourceTree = "<group>";
		};
		28B1924728FBD9AA002E6FBD = {
			isa = PBXGroup;
			children = (
				28B1925228FBD9AA002E6FBD /* disney world */,
				28B1925128FBD9AA002E6FBD /* Products */,
			);
			sourceTree = "<group>";
		};
		28B1925128FBD9AA002E6FBD /* Products */ = {
			isa = PBXGroup;
			children = (
				28B1925028FBD9AA002E6FBD /* disney world.app */,
			);
			name = Products;
			sourceTree = "<group>";
		};
		28B1925228FBD9AA002E6FBD /* disney world */ = {
			isa = PBXGroup;
			children = (
				286DC02C29000C3C00D61E1B /* disney world.entitlements */,
				286DC01C28FFDBA000D61E1B /* disney-world-Info.plist */,
				28B1925328FBD9AA002E6FBD /* disney_worldApp.swift */,
				28B1925528FBD9AA002E6FBD /* ContentView.swift */,
				286DC0AE29016D7A00D61E1B /* tabviwe.swift */,
				28B1927128FEB882002E6FBD /* home.swift */,
				286DC028290007C900D61E1B /* DisneyIntro.mp3 */,
				281F93362901BE1C0080CDB0 /* youtube */,
				286DC02328FFE3AA00D61E1B /* movie */,
				286DC04929001EA100D61E1B /* movie2 */,
				286DC0802901462900D61E1B /* movie3 */,
				286DC08D2901518100D61E1B /* ally */,
				286DC0932901526B00D61E1B /* Forzen */,
				283435DF2903100E00A7F753 /* Belle */,
				286DC02428FFE3FC00D61E1B /* link */,
				286DC02528FFE41500D61E1B /* ig */,
				286DC090290151E800D61E1B /* font */,
				28B1925728FBD9AC002E6FBD /* Assets.xcassets */,
				28B1925928FBD9AC002E6FBD /* Preview Content */,
			);
			path = "disney world";
			sourceTree = "<group>";
		};
		28B1925928FBD9AC002E6FBD /* Preview Content */ = {
			isa = PBXGroup;
			children = (
				28B1925A28FBD9AC002E6FBD /* Preview Assets.xcassets */,
			);
			path = "Preview Content";
			sourceTree = "<group>";
		};
/* End PBXGroup section */

/* Begin PBXNativeTarget section */
		28B1924F28FBD9AA002E6FBD /* disney world */ = {
			isa = PBXNativeTarget;
			buildConfigurationList = 28B1925E28FBD9AC002E6FBD /* Build configuration list for PBXNativeTarget "disney world" */;
			buildPhases = (
				28B1924C28FBD9AA002E6FBD /* Sources */,
				28B1924D28FBD9AA002E6FBD /* Frameworks */,
				28B1924E28FBD9AA002E6FBD /* Resources */,
			);
			buildRules = (
			);
			dependencies = (
			);
			name = "disney world";
			productName = "disney world";
			productReference = 28B1925028FBD9AA002E6FBD /* disney world.app */;
			productType = "com.apple.product-type.application";
		};
/* End PBXNativeTarget section */

/* Begin PBXProject section */
		28B1924828FBD9AA002E6FBD /* Project object */ = {
			isa = PBXProject;
			attributes = {
				BuildIndependentTargetsInParallel = 1;
				LastSwiftUpdateCheck = 1400;
				LastUpgradeCheck = 1400;
				TargetAttributes = {
					28B1924F28FBD9AA002E6FBD = {
						CreatedOnToolsVersion = 14.0;
					};
				};
			};
			buildConfigurationList = 28B1924B28FBD9AA002E6FBD /* Build configuration list for PBXProject "disney world" */;
			compatibilityVersion = "Xcode 14.0";
			developmentRegion = en;
			hasScannedForEncodings = 0;
			knownRegions = (
				en,
				Base,
			);
			mainGroup = 28B1924728FBD9AA002E6FBD;
			productRefGroup = 28B1925128FBD9AA002E6FBD /* Products */;
			projectDirPath = "";
			projectRoot = "";
			targets = (
				28B1924F28FBD9AA002E6FBD /* disney world */,
			);
		};
/* End PBXProject section */

/* Begin PBXResourcesBuildPhase section */
		28B1924E28FBD9AA002E6FBD /* Resources */ = {
			isa = PBXResourcesBuildPhase;
			buildActionMask = 2147483647;
			files = (
				283435C42902A79600A7F753 /* SummerBreak.otf in Resources */,
				283435C62902A7F200A7F753 /* Imagine Serif Stamp Rough.otf in Resources */,
				286DC02B29000BDB00D61E1B /* National Cartoon.ttf in Resources */,
				286DC02E290012BF00D61E1B /* Cutest Round.otf in Resources */,
				28B1925B28FBD9AC002E6FBD /* Preview Assets.xcassets in Resources */,
				286DC0AB290164A900D61E1B /* Donuts Snacky Regular.ttf in Resources */,
				286DC029290007C900D61E1B /* DisneyIntro.mp3 in Resources */,
				286DC04429001B4D00D61E1B /* A Bug s Life.ttf in Resources */,
				286DC030290015BA00D61E1B /* Fairy Godmother DEMO.otf in Resources */,
				281F93332901A6EB0080CDB0 /* Travel October.ttf in Resources */,
				286DC0A92901633A00D61E1B /* NewWaltDisneyUi-8YdA.ttf in Resources */,
				28B1925828FBD9AC002E6FBD /* Assets.xcassets in Resources */,
				286DC0382900183000D61E1B /* Monster AG.ttf in Resources */,
			);
			runOnlyForDeploymentPostprocessing = 0;
		};
/* End PBXResourcesBuildPhase section */

/* Begin PBXSourcesBuildPhase section */
		28B1924C28FBD9AA002E6FBD /* Sources */ = {
			isa = PBXSourcesBuildPhase;
			buildActionMask = 2147483647;
			files = (
				283435E5290312F500A7F753 /* Bcharacter.swift in Sources */,
				281F933A2901C91C0080CDB0 /* youtubeview.swift in Sources */,
				283435CB2902AA5100A7F753 /* introductiondata.swift in Sources */,
				28B1927228FEB882002E6FBD /* home.swift in Sources */,
				286DC0A12901562700D61E1B /* FLversion.swift in Sources */,
				286DC0A5290156BF00D61E1B /* FLversionlist.swift in Sources */,
				28B1925628FBD9AA002E6FBD /* ContentView.swift in Sources */,
				286DC02028FFE33E00D61E1B /* movierow.swift in Sources */,
				283435E3290312C600A7F753 /* Bintroduction.swift in Sources */,
				283435EB2903134800A7F753 /* Bintroductionlist.swift in Sources */,
				283435C82902AA1C00A7F753 /* characterdata.swift in Sources */,
				283435D62902EE0000A7F753 /* allyAversion.swift in Sources */,
				28B1926A28FEA250002E6FBD /* ig_data.swift in Sources */,
				283435E1290310B700A7F753 /* Bellemovie2.swift in Sources */,
				286DC08F290151AE00D61E1B /* allymovie2.swift in Sources */,
				286DC04D2900200500D61E1B /* movie2row.swift in Sources */,
				283435ED2903136400A7F753 /* Bcharacterlist.swift in Sources */,
				281F93352901BE150080CDB0 /* youtubedata.swift in Sources */,
				283435D42902ADD900A7F753 /* allycharacter.swift in Sources */,
				283435EF2903137300A7F753 /* BAversionlist.swift in Sources */,
				283435DC290302FF00A7F753 /* elsacharacter.swift in Sources */,
				286DC0952901529B00D61E1B /* Forzenmovie2.swift in Sources */,
				28B1925428FBD9AA002E6FBD /* disney_worldApp.swift in Sources */,
				286DC07B290145F600D61E1B /* character.swift in Sources */,
				286DC04F290020ED00D61E1B /* movie2data.swift in Sources */,
				28D0286028FF290800714A3C /* linkdetail.swift in Sources */,
				28B1926628FBE758002E6FBD /* ig_page.swift in Sources */,
				28F1CDE828FED56700801BC2 /* linkdata.swift in Sources */,
				286DC08229014A6D00D61E1B /* introductionlist.swift in Sources */,
				286DC08429014A8900D61E1B /* characterlist.swift in Sources */,
				283435D82902EE1100A7F753 /* allyLversion.swift in Sources */,
				286DC08829014AAF00D61E1B /* Aversionlist.swift in Sources */,
				286DC09B290155E900D61E1B /* Fintroductionlist.swift in Sources */,
				283435E92903132D00A7F753 /* BLversion.swift in Sources */,
				283435DA2902EEB000A7F753 /* youtubeview2.swift in Sources */,
				286DC02728FFE47300D61E1B /* moviedata.swift in Sources */,
				286DC08A29014ABB00D61E1B /* Lversionlist.swift in Sources */,
				286DC0A3290156AE00D61E1B /* FAversionlist.swift in Sources */,
				286DC09D2901560400D61E1B /* Fcharacterlist.swift in Sources */,
				286DC0AF29016D7A00D61E1B /* tabviwe.swift in Sources */,
				283435E72903131900A7F753 /* BAversion.swift in Sources */,
				286DC099290153BC00D61E1B /* Forzenmovie.swift in Sources */,
				286DC01E28FFE16C00D61E1B /* movielist.swift in Sources */,
				283435DE2903100A00A7F753 /* Bellemovie.swift in Sources */,
				286DC0512900239600D61E1B /* introdution.swift in Sources */,
				286DC0972901537E00D61E1B /* allymovie.swift in Sources */,
				283435F12903138000A7F753 /* BLversionlist.swift in Sources */,
				286DC09F2901561A00D61E1B /* FAversion.swift in Sources */,
			);
			runOnlyForDeploymentPostprocessing = 0;
		};
/* End PBXSourcesBuildPhase section */

/* Begin XCBuildConfiguration section */
		28B1925C28FBD9AC002E6FBD /* Debug */ = {
			isa = XCBuildConfiguration;
			buildSettings = {
				ALWAYS_SEARCH_USER_PATHS = NO;
				CLANG_ANALYZER_NONNULL = YES;
				CLANG_ANALYZER_NUMBER_OBJECT_CONVERSION = YES_AGGRESSIVE;
				CLANG_CXX_LANGUAGE_STANDARD = "gnu++20";
				CLANG_ENABLE_MODULES = YES;
				CLANG_ENABLE_OBJC_ARC = YES;
				CLANG_ENABLE_OBJC_WEAK = YES;
				CLANG_WARN_BLOCK_CAPTURE_AUTORELEASING = YES;
				CLANG_WARN_BOOL_CONVERSION = YES;
				CLANG_WARN_COMMA = YES;
				CLANG_WARN_CONSTANT_CONVERSION = YES;
				CLANG_WARN_DEPRECATED_OBJC_IMPLEMENTATIONS = YES;
				CLANG_WARN_DIRECT_OBJC_ISA_USAGE = YES_ERROR;
				CLANG_WARN_DOCUMENTATION_COMMENTS = YES;
				CLANG_WARN_EMPTY_BODY = YES;
				CLANG_WARN_ENUM_CONVERSION = YES;
				CLANG_WARN_INFINITE_RECURSION = YES;
				CLANG_WARN_INT_CONVERSION = YES;
				CLANG_WARN_NON_LITERAL_NULL_CONVERSION = YES;
				CLANG_WARN_OBJC_IMPLICIT_RETAIN_SELF = YES;
				CLANG_WARN_OBJC_LITERAL_CONVERSION = YES;
				CLANG_WARN_OBJC_ROOT_CLASS = YES_ERROR;
				CLANG_WARN_QUOTED_INCLUDE_IN_FRAMEWORK_HEADER = YES;
				CLANG_WARN_RANGE_LOOP_ANALYSIS = YES;
				CLANG_WARN_STRICT_PROTOTYPES = YES;
				CLANG_WARN_SUSPICIOUS_MOVE = YES;
				CLANG_WARN_UNGUARDED_AVAILABILITY = YES_AGGRESSIVE;
				CLANG_WARN_UNREACHABLE_CODE = YES;
				CLANG_WARN__DUPLICATE_METHOD_MATCH = YES;
				COPY_PHASE_STRIP = NO;
				DEBUG_INFORMATION_FORMAT = dwarf;
				ENABLE_STRICT_OBJC_MSGSEND = YES;
				ENABLE_TESTABILITY = YES;
				GCC_C_LANGUAGE_STANDARD = gnu11;
				GCC_DYNAMIC_NO_PIC = NO;
				GCC_NO_COMMON_BLOCKS = YES;
				GCC_OPTIMIZATION_LEVEL = 0;
				GCC_PREPROCESSOR_DEFINITIONS = (
					"DEBUG=1",
					"$(inherited)",
				);
				GCC_WARN_64_TO_32_BIT_CONVERSION = YES;
				GCC_WARN_ABOUT_RETURN_TYPE = YES_ERROR;
				GCC_WARN_UNDECLARED_SELECTOR = YES;
				GCC_WARN_UNINITIALIZED_AUTOS = YES_AGGRESSIVE;
				GCC_WARN_UNUSED_FUNCTION = YES;
				GCC_WARN_UNUSED_VARIABLE = YES;
				IPHONEOS_DEPLOYMENT_TARGET = 16.0;
				MTL_ENABLE_DEBUG_INFO = INCLUDE_SOURCE;
				MTL_FAST_MATH = YES;
				ONLY_ACTIVE_ARCH = YES;
				SDKROOT = iphoneos;
				SWIFT_ACTIVE_COMPILATION_CONDITIONS = DEBUG;
				SWIFT_OPTIMIZATION_LEVEL = "-Onone";
			};
			name = Debug;
		};
		28B1925D28FBD9AC002E6FBD /* Release */ = {
			isa = XCBuildConfiguration;
			buildSettings = {
				ALWAYS_SEARCH_USER_PATHS = NO;
				CLANG_ANALYZER_NONNULL = YES;
				CLANG_ANALYZER_NUMBER_OBJECT_CONVERSION = YES_AGGRESSIVE;
				CLANG_CXX_LANGUAGE_STANDARD = "gnu++20";
				CLANG_ENABLE_MODULES = YES;
				CLANG_ENABLE_OBJC_ARC = YES;
				CLANG_ENABLE_OBJC_WEAK = YES;
				CLANG_WARN_BLOCK_CAPTURE_AUTORELEASING = YES;
				CLANG_WARN_BOOL_CONVERSION = YES;
				CLANG_WARN_COMMA = YES;
				CLANG_WARN_CONSTANT_CONVERSION = YES;
				CLANG_WARN_DEPRECATED_OBJC_IMPLEMENTATIONS = YES;
				CLANG_WARN_DIRECT_OBJC_ISA_USAGE = YES_ERROR;
				CLANG_WARN_DOCUMENTATION_COMMENTS = YES;
				CLANG_WARN_EMPTY_BODY = YES;
				CLANG_WARN_ENUM_CONVERSION = YES;
				CLANG_WARN_INFINITE_RECURSION = YES;
				CLANG_WARN_INT_CONVERSION = YES;
				CLANG_WARN_NON_LITERAL_NULL_CONVERSION = YES;
				CLANG_WARN_OBJC_IMPLICIT_RETAIN_SELF = YES;
				CLANG_WARN_OBJC_LITERAL_CONVERSION = YES;
				CLANG_WARN_OBJC_ROOT_CLASS = YES_ERROR;
				CLANG_WARN_QUOTED_INCLUDE_IN_FRAMEWORK_HEADER = YES;
				CLANG_WARN_RANGE_LOOP_ANALYSIS = YES;
				CLANG_WARN_STRICT_PROTOTYPES = YES;
				CLANG_WARN_SUSPICIOUS_MOVE = YES;
				CLANG_WARN_UNGUARDED_AVAILABILITY = YES_AGGRESSIVE;
				CLANG_WARN_UNREACHABLE_CODE = YES;
				CLANG_WARN__DUPLICATE_METHOD_MATCH = YES;
				COPY_PHASE_STRIP = NO;
				DEBUG_INFORMATION_FORMAT = "dwarf-with-dsym";
				ENABLE_NS_ASSERTIONS = NO;
				ENABLE_STRICT_OBJC_MSGSEND = YES;
				GCC_C_LANGUAGE_STANDARD = gnu11;
				GCC_NO_COMMON_BLOCKS = YES;
				GCC_WARN_64_TO_32_BIT_CONVERSION = YES;
				GCC_WARN_ABOUT_RETURN_TYPE = YES_ERROR;
				GCC_WARN_UNDECLARED_SELECTOR = YES;
				GCC_WARN_UNINITIALIZED_AUTOS = YES_AGGRESSIVE;
				GCC_WARN_UNUSED_FUNCTION = YES;
				GCC_WARN_UNUSED_VARIABLE = YES;
				IPHONEOS_DEPLOYMENT_TARGET = 16.0;
				MTL_ENABLE_DEBUG_INFO = NO;
				MTL_FAST_MATH = YES;
				SDKROOT = iphoneos;
				SWIFT_COMPILATION_MODE = wholemodule;
				SWIFT_OPTIMIZATION_LEVEL = "-O";
				VALIDATE_PRODUCT = YES;
			};
			name = Release;
		};
		28B1925F28FBD9AC002E6FBD /* Debug */ = {
			isa = XCBuildConfiguration;
			buildSettings = {
				ASSETCATALOG_COMPILER_APPICON_NAME = AppIcon;
				ASSETCATALOG_COMPILER_GLOBAL_ACCENT_COLOR_NAME = AccentColor;
				CODE_SIGN_ENTITLEMENTS = "disney world/disney world.entitlements";
				CODE_SIGN_STYLE = Automatic;
				CURRENT_PROJECT_VERSION = 1;
				DEVELOPMENT_ASSET_PATHS = "\"disney world/Preview Content\"";
				ENABLE_PREVIEWS = YES;
				GENERATE_INFOPLIST_FILE = YES;
				INFOPLIST_FILE = "disney-world-Info.plist";
				INFOPLIST_KEY_UIApplicationSceneManifest_Generation = YES;
				INFOPLIST_KEY_UIApplicationSupportsIndirectInputEvents = YES;
				INFOPLIST_KEY_UILaunchScreen_Generation = YES;
				INFOPLIST_KEY_UISupportedInterfaceOrientations_iPad = "UIInterfaceOrientationPortrait UIInterfaceOrientationPortraitUpsideDown UIInterfaceOrientationLandscapeLeft UIInterfaceOrientationLandscapeRight";
				INFOPLIST_KEY_UISupportedInterfaceOrientations_iPhone = "UIInterfaceOrientationPortrait UIInterfaceOrientationLandscapeLeft UIInterfaceOrientationLandscapeRight";
				LD_RUNPATH_SEARCH_PATHS = (
					"$(inherited)",
					"@executable_path/Frameworks",
				);
				MARKETING_VERSION = 1.0;
				PRODUCT_BUNDLE_IDENTIFIER = "com.Abby.disney-world";
				PRODUCT_NAME = "$(TARGET_NAME)";
				SWIFT_EMIT_LOC_STRINGS = YES;
				SWIFT_VERSION = 5.0;
				TARGETED_DEVICE_FAMILY = "1,2";
			};
			name = Debug;
		};
		28B1926028FBD9AC002E6FBD /* Release */ = {
			isa = XCBuildConfiguration;
			buildSettings = {
				ASSETCATALOG_COMPILER_APPICON_NAME = AppIcon;
				ASSETCATALOG_COMPILER_GLOBAL_ACCENT_COLOR_NAME = AccentColor;
				CODE_SIGN_ENTITLEMENTS = "disney world/disney world.entitlements";
				CODE_SIGN_STYLE = Automatic;
				CURRENT_PROJECT_VERSION = 1;
				DEVELOPMENT_ASSET_PATHS = "\"disney world/Preview Content\"";
				ENABLE_PREVIEWS = YES;
				GENERATE_INFOPLIST_FILE = YES;
				INFOPLIST_FILE = "disney-world-Info.plist";
				INFOPLIST_KEY_UIApplicationSceneManifest_Generation = YES;
				INFOPLIST_KEY_UIApplicationSupportsIndirectInputEvents = YES;
				INFOPLIST_KEY_UILaunchScreen_Generation = YES;
				INFOPLIST_KEY_UISupportedInterfaceOrientations_iPad = "UIInterfaceOrientationPortrait UIInterfaceOrientationPortraitUpsideDown UIInterfaceOrientationLandscapeLeft UIInterfaceOrientationLandscapeRight";
				INFOPLIST_KEY_UISupportedInterfaceOrientations_iPhone = "UIInterfaceOrientationPortrait UIInterfaceOrientationLandscapeLeft UIInterfaceOrientationLandscapeRight";
				LD_RUNPATH_SEARCH_PATHS = (
					"$(inherited)",
					"@executable_path/Frameworks",
				);
				MARKETING_VERSION = 1.0;
				PRODUCT_BUNDLE_IDENTIFIER = "com.Abby.disney-world";
				PRODUCT_NAME = "$(TARGET_NAME)";
				SWIFT_EMIT_LOC_STRINGS = YES;
				SWIFT_VERSION = 5.0;
				TARGETED_DEVICE_FAMILY = "1,2";
			};
			name = Release;
		};
/* End XCBuildConfiguration section */

/* Begin XCConfigurationList section */
		28B1924B28FBD9AA002E6FBD /* Build configuration list for PBXProject "disney world" */ = {
			isa = XCConfigurationList;
			buildConfigurations = (
				28B1925C28FBD9AC002E6FBD /* Debug */,
				28B1925D28FBD9AC002E6FBD /* Release */,
			);
			defaultConfigurationIsVisible = 0;
			defaultConfigurationName = Release;
		};
		28B1925E28FBD9AC002E6FBD /* Build configuration list for PBXNativeTarget "disney world" */ = {
			isa = XCConfigurationList;
			buildConfigurations = (
				28B1925F28FBD9AC002E6FBD /* Debug */,
				28B1926028FBD9AC002E6FBD /* Release */,
			);
			defaultConfigurationIsVisible = 0;
			defaultConfigurationName = Release;
		};
/* End XCConfigurationList section */
	};
	rootObject = 28B1924828FBD9AA002E6FBD /* Project object */;
}
